
Microsoft Visual Studio Solution File, Format Version 12.00
# Visual Studio 15
VisualStudioVersion = 15.0.26124.0
MinimumVisualStudioVersion = 15.0.26124.0
Project("{FAE04EC0-301F-11D3-BF4B-00C04F79EFBC}") = "JsonMasher.Tests", "JsonMasher.Tests\JsonMasher.Tests.csproj", "{F99AA9BC-6D13-425B-BED1-D510E2B05531}"
EndProject
Project("{FAE04EC0-301F-11D3-BF4B-00C04F79EFBC}") = "JsonMasher", "JsonMasher\JsonMasher.csproj", "{EDE5C9E8-F546-401E-89D8-B2723574B624}"
EndProject
Project("{FAE04EC0-301F-11D3-BF4B-00C04F79EFBC}") = "JsonMasher.Benchmarks", "JsonMasher.Benchmarks\JsonMasher.Benchmarks.csproj", "{ABD5E328-5181-4CA1-8108-6F82C03FF929}"
EndProject
Project("{FAE04EC0-301F-11D3-BF4B-00C04F79EFBC}") = "JsonMasher.Cli", "JsonMasher.Cli\JsonMasher.Cli.csproj", "{AA8CEB6D-FF30-4142-8DF5-7FE16B7AA9AA}"
EndProject
Project("{FAE04EC0-301F-11D3-BF4B-00C04F79EFBC}") = "JsonMasher.Web", "JsonMasher.Web\JsonMasher.Web.csproj", "{393B551D-61CA-4704-B3C6-DC0DE67DC69C}"
EndProject
Global
	GlobalSection(SolutionConfigurationPlatforms) = preSolution
		Debug|Any CPU = Debug|Any CPU
		Debug|x64 = Debug|x64
		Debug|x86 = Debug|x86
		Release|Any CPU = Release|Any CPU
		Release|x64 = Release|x64
		Release|x86 = Release|x86
	EndGlobalSection
	GlobalSection(SolutionProperties) = preSolution
		HideSolutionNode = FALSE
	EndGlobalSection
	GlobalSection(ProjectConfigurationPlatforms) = postSolution
		{F99AA9BC-6D13-425B-BED1-D510E2B05531}.Debug|Any CPU.ActiveCfg = Debug|Any CPU
		{F99AA9BC-6D13-425B-BED1-D510E2B05531}.Debug|Any CPU.Build.0 = Debug|Any CPU
		{F99AA9BC-6D13-425B-BED1-D510E2B05531}.Debug|x64.ActiveCfg = Debug|Any CPU
		{F99AA9BC-6D13-425B-BED1-D510E2B05531}.Debug|x64.Build.0 = Debug|Any CPU
		{F99AA9BC-6D13-425B-BED1-D510E2B05531}.Debug|x86.ActiveCfg = Debug|Any CPU
		{F99AA9BC-6D13-425B-BED1-D510E2B05531}.Debug|x86.Build.0 = Debug|Any CPU
		{F99AA9BC-6D13-425B-BED1-D510E2B05531}.Release|Any CPU.ActiveCfg = Release|Any CPU
		{F99AA9BC-6D13-425B-BED1-D510E2B05531}.Release|Any CPU.Build.0 = Release|Any CPU
		{F99AA9BC-6D13-425B-BED1-D510E2B05531}.Release|x64.ActiveCfg = Release|Any CPU
		{F99AA9BC-6D13-425B-BED1-D510E2B05531}.Release|x64.Build.0 = Release|Any CPU
		{F99AA9BC-6D13-425B-BED1-D510E2B05531}.Release|x86.ActiveCfg = Release|Any CPU
		{F99AA9BC-6D13-425B-BED1-D510E2B05531}.Release|x86.Build.0 = Release|Any CPU
		{EDE5C9E8-F546-401E-89D8-B2723574B624}.Debug|Any CPU.ActiveCfg = Debug|Any CPU
		{EDE5C9E8-F546-401E-89D8-B2723574B624}.Debug|Any CPU.Build.0 = Debug|Any CPU
		{EDE5C9E8-F546-401E-89D8-B2723574B624}.Debug|x64.ActiveCfg = Debug|Any CPU
		{EDE5C9E8-F546-401E-89D8-B2723574B624}.Debug|x64.Build.0 = Debug|Any CPU
		{EDE5C9E8-F546-401E-89D8-B2723574B624}.Debug|x86.ActiveCfg = Debug|Any CPU
		{EDE5C9E8-F546-401E-89D8-B2723574B624}.Debug|x86.Build.0 = Debug|Any CPU
		{EDE5C9E8-F546-401E-89D8-B2723574B624}.Release|Any CPU.ActiveCfg = Release|Any CPU
		{EDE5C9E8-F546-401E-89D8-B2723574B624}.Release|Any CPU.Build.0 = Release|Any CPU
		{EDE5C9E8-F546-401E-89D8-B2723574B624}.Release|x64.ActiveCfg = Release|Any CPU
		{EDE5C9E8-F546-401E-89D8-B2723574B624}.Release|x64.Build.0 = Release|Any CPU
		{EDE5C9E8-F546-401E-89D8-B2723574B624}.Release|x86.ActiveCfg = Release|Any CPU
		{EDE5C9E8-F546-401E-89D8-B2723574B624}.Release|x86.Build.0 = Release|Any CPU
		{ABD5E328-5181-4CA1-8108-6F82C03FF929}.Debug|Any CPU.ActiveCfg = Debug|Any CPU
		{ABD5E328-5181-4CA1-8108-6F82C03FF929}.Debug|Any CPU.Build.0 = Debug|Any CPU
		{ABD5E328-5181-4CA1-8108-6F82C03FF929}.Debug|x64.ActiveCfg = Debug|Any CPU
		{ABD5E328-5181-4CA1-8108-6F82C03FF929}.Debug|x64.Build.0 = Debug|Any CPU
		{ABD5E328-5181-4CA1-8108-6F82C03FF929}.Debug|x86.ActiveCfg = Debug|Any CPU
		{ABD5E328-5181-4CA1-8108-6F82C03FF929}.Debug|x86.Build.0 = Debug|Any CPU
		{ABD5E328-5181-4CA1-8108-6F82C03FF929}.Release|Any CPU.ActiveCfg = Release|Any CPU
		{ABD5E328-5181-4CA1-8108-6F82C03FF929}.Release|Any CPU.Build.0 = Release|Any CPU
		{ABD5E328-5181-4CA1-8108-6F82C03FF929}.Release|x64.ActiveCfg = Release|Any CPU
		{ABD5E328-5181-4CA1-8108-6F82C03FF929}.Release|x64.Build.0 = Release|Any CPU
		{ABD5E328-5181-4CA1-8108-6F82C03FF929}.Release|x86.ActiveCfg = Release|Any CPU
		{ABD5E328-5181-4CA1-8108-6F82C03FF929}.Release|x86.Build.0 = Release|Any CPU
		{AA8CEB6D-FF30-4142-8DF5-7FE16B7AA9AA}.Debug|Any CPU.ActiveCfg = Debug|Any CPU
		{AA8CEB6D-FF30-4142-8DF5-7FE16B7AA9AA}.Debug|Any CPU.Build.0 = Debug|Any CPU
		{AA8CEB6D-FF30-4142-8DF5-7FE16B7AA9AA}.Debug|x64.ActiveCfg = Debug|Any CPU
		{AA8CEB6D-FF30-4142-8DF5-7FE16B7AA9AA}.Debug|x64.Build.0 = Debug|Any CPU
		{AA8CEB6D-FF30-4142-8DF5-7FE16B7AA9AA}.Debug|x86.ActiveCfg = Debug|Any CPU
		{AA8CEB6D-FF30-4142-8DF5-7FE16B7AA9AA}.Debug|x86.Build.0 = Debug|Any CPU
		{AA8CEB6D-FF30-4142-8DF5-7FE16B7AA9AA}.Release|Any CPU.ActiveCfg = Release|Any CPU
		{AA8CEB6D-FF30-4142-8DF5-7FE16B7AA9AA}.Release|Any CPU.Build.0 = Release|Any CPU
		{AA8CEB6D-FF30-4142-8DF5-7FE16B7AA9AA}.Release|x64.ActiveCfg = Release|Any CPU
		{AA8CEB6D-FF30-4142-8DF5-7FE16B7AA9AA}.Release|x64.Build.0 = Release|Any CPU
		{AA8CEB6D-FF30-4142-8DF5-7FE16B7AA9AA}.Release|x86.ActiveCfg = Release|Any CPU
		{AA8CEB6D-FF30-4142-8DF5-7FE16B7AA9AA}.Release|x86.Build.0 = Release|Any CPU
		{393B551D-61CA-4704-B3C6-DC0DE67DC69C}.Debug|Any CPU.ActiveCfg = Debug|Any CPU
		{393B551D-61CA-4704-B3C6-DC0DE67DC69C}.Debug|Any CPU.Build.0 = Debug|Any CPU
		{393B551D-61CA-4704-B3C6-DC0DE67DC69C}.Debug|x64.ActiveCfg = Debug|Any CPU
		{393B551D-61CA-4704-B3C6-DC0DE67DC69C}.Debug|x64.Build.0 = Debug|Any CPU
		{393B551D-61CA-4704-B3C6-DC0DE67DC69C}.Debug|x86.ActiveCfg = Debug|Any CPU
		{393B551D-61CA-4704-B3C6-DC0DE67DC69C}.Debug|x86.Build.0 = Debug|Any CPU
		{393B551D-61CA-4704-B3C6-DC0DE67DC69C}.Release|Any CPU.ActiveCfg = Release|Any CPU
		{393B551D-61CA-4704-B3C6-DC0DE67DC69C}.Release|Any CPU.Build.0 = Release|Any CPU
		{393B551D-61CA-4704-B3C6-DC0DE67DC69C}.Release|x64.ActiveCfg = Release|Any CPU
		{393B551D-61CA-4704-B3C6-DC0DE67DC69C}.Release|x64.Build.0 = Release|Any CPU
		{393B551D-61CA-4704-B3C6-DC0DE67DC69C}.Release|x86.ActiveCfg = Release|Any CPU
		{393B551D-61CA-4704-B3C6-DC0DE67DC69C}.Release|x86.Build.0 = Release|Any CPU
	EndGlobalSection
EndGlobal
